
Microsoft Visual Studio Solution File, Format Version 12.00
# Visual Studio 2012
Project("{FAE04EC0-301F-11D3-BF4B-00C04F79EFBC}") = "AppPersona", "AppPersona\AppPersona.csproj", "{4F389D7A-0915-432D-B138-91D3F9A9A045}"
EndProject
Project("{2150E333-8FDC-42A3-9474-1A3956D46DE8}") = "Solution Items", "Solution Items", "{90A712A3-6CBA-410F-91E2-05303CF4C313}"
	ProjectSection(SolutionItems) = preProject
		Class1.cs = Class1.cs
		Persona.cs = Persona.cs
	EndProjectSection
EndProject
Global
	GlobalSection(SolutionConfigurationPlatforms) = preSolution
		Debug|Any CPU = Debug|Any CPU
		Release|Any CPU = Release|Any CPU
	EndGlobalSection
	GlobalSection(ProjectConfigurationPlatforms) = postSolution
		{4F389D7A-0915-432D-B138-91D3F9A9A045}.Debug|Any CPU.ActiveCfg = Debug|Any CPU
		{4F389D7A-0915-432D-B138-91D3F9A9A045}.Debug|Any CPU.Build.0 = Debug|Any CPU
		{4F389D7A-0915-432D-B138-91D3F9A9A045}.Release|Any CPU.ActiveCfg = Release|Any CPU
		{4F389D7A-0915-432D-B138-91D3F9A9A045}.Release|Any CPU.Build.0 = Release|Any CPU
	EndGlobalSection
	GlobalSection(SolutionProperties) = preSolution
		HideSolutionNode = FALSE
	EndGlobalSection
EndGlobal
